{
  "nodes": {
    "agenix": {
      "inputs": {
        "darwin": "darwin",
        "home-manager": [
          "home-manager"
        ],
        "nixpkgs": [
          "nixpkgs"
        ],
        "systems": [
          "systems"
        ]
      },
      "locked": {
        "lastModified": 1770165109,
        "narHash": "sha256-9VnK6Oqai65puVJ4WYtCTvlJeXxMzAp/69HhQuTdl/I=",
        "owner": "ryantm",
        "repo": "agenix",
        "rev": "b027ee29d959fda4b60b57566d64c98a202e0feb",
        "type": "github"
      },
      "original": {
        "owner": "ryantm",
        "repo": "agenix",
        "type": "github"
      }
    },
    "assets": {
      "flake": false,
      "locked": {
        "lastModified": 1786263757,
        "narHash": "sha256-z6wq5wPaCPF1hH6MNeZLtUsEh7kM9Bdcw8PO3fnvxzE=",
        "owner": "hannahfluch",
        "repo": "dotfile-assets",
        "rev": "2eac28488f5ae658aca45d23576bfa6da2da50ad",
        "type": "github"
      },
      "original": {
        "owner": "hannahfluch",
        "repo": "dotfile-assets",
        "type": "github"
      }
    },
    "atlas": {
      "inputs": {
        "home-manager": [
          "home-manager"
        ],
        "impermanence": "impermanence",
        "nixpkgs": [
          "nixpkgs"
        ]
      },
      "locked": {
        "lastModified": 1780492482,
        "narHash": "sha256-vbgV6HyGptd9t77wCUtuPIF7mGAsyhYM3vv2Mb5Xvkk=",
        "owner": "luk-esc",
        "repo": "atlas",
        "rev": "2157f0e1981cf5408c6ffc65e4c45e4ad07c211f",
        "type": "github"
      },
      "original": {
        "owner": "luk-esc",
        "repo": "atlas",
        "type": "github"
      }
    },
    "base16": {
      "inputs": {
        "fromYaml": "fromYaml"
      },
      "locked": {
        "lastModified": 1755819240,
        "narHash": "sha256-qcMhnL7aGAuFuutH4rq9fvAhCpJWVHLcHVZLtPctPlo=",
        "owner": "SenchoPens",
        "repo": "base16.nix",
        "rev": "75ed5e5e3fce37df22e49125181fa37899c3ccd6",
        "type": "github"
      },
      "original": {
        "owner": "SenchoPens",
        "repo": "base16.nix",
        "type": "github"
      }
    },
    "base16-fish": {
      "flake": false,
      "locked": {
        "lastModified": 1765809053,
        "narHash": "sha256-XCUQLoLfBJ8saWms2HCIj4NEN+xNsWBlU1NrEPcQG4s=",
        "owner": "tomyun",
        "repo": "base16-fish",
        "rev": "86cbea4dca62e08fb7fd83a70e96472f92574782",
        "type": "github"
      },
      "original": {
        "owner": "tomyun",
        "repo": "base16-fish",
        "rev": "86cbea4dca62e08fb7fd83a70e96472f92574782",
        "type": "github"
      }
    },
    "base16-helix": {
      "flake": false,
      "locked": {
        "lastModified": 1776754714,
        "narHash": "sha256-E3OAK27smtATTmX45uoTSRsVD+Y+ZiVVfgM/tjpbtYg=",
        "owner": "tinted-theming",
        "repo": "base16-helix",
        "rev": "4d508123037e7851ad36ebf7d9c48b0e9e1eb581",
        "type": "github"
      },
      "original": {
        "owner": "tinted-theming",
        "repo": "base16-helix",
        "type": "github"
      }
    },
    "base16-vim": {
      "flake": false,
      "locked": {
        "lastModified": 1732806396,
        "narHash": "sha256-e0bpPySdJf0F68Ndanwm+KWHgQiZ0s7liLhvJSWDNsA=",
        "owner": "tinted-theming",
        "repo": "base16-vim",
        "rev": "577fe8125d74ff456cf942c733a85d769afe58b7",
        "type": "github"
      },
      "original": {
        "owner": "tinted-theming",
        "repo": "base16-vim",
        "rev": "577fe8125d74ff456cf942c733a85d769afe58b7",
        "type": "github"
      }
    },
    "binary-ninja": {
      "inputs": {
        "flake-utils": [
          "flake-utils"
        ],
        "nixpkgs": [
          "nixpkgs"
        ]
      },
      "locked": {
        "lastModified": 1764668273,
        "narHash": "sha256-ZprV/XFlafOkTUcP1z56N1YqR1AOPGmG1xgZjrLCxMA=",
        "owner": "hannahfluch",
        "repo": "nix-binary-ninja",
        "rev": "20b4595a61548c4376f5add37b230e58ce881235",
        "type": "github"
      },
      "original": {
        "owner": "hannahfluch",
        "repo": "nix-binary-ninja",
        "type": "github"
      }
    },
    "ccnace": {
      "inputs": {
        "firefox-extensions": [
          "firefox-extensions"
        ],
        "nixpkgs": [
          "nixpkgs"
        ]
      },
      "locked": {
        "lastModified": 1780475283,
        "narHash": "sha256-HmwnfuUFfJiD93swMmXPQMtS2hcdEGAJ7UJTek8Shx8=",
        "owner": "inet4",
        "repo": "ccnace",
        "rev": "81119469c45b4296e6761e6462350b224b99bb48",
        "type": "github"
      },
      "original": {
        "owner": "inet4",
        "repo": "ccnace",
        "type": "github"
      }
    },
    "copai": {
      "inputs": {
        "firefox-extensions": [
          "firefox-extensions"
        ],
        "nixpkgs": [
          "nixpkgs"
        ]
      },
      "locked": {
        "lastModified": 1780333705,
        "narHash": "sha256-t+9fjjFFkWcc/PSHtTxsTteodb5CUXxKhUXu0EhvTaU=",
        "owner": "inet4",
        "repo": "copai",
        "rev": "8a9e49b4ad15b2001bb58a39af5603a6ed07e60b",
        "type": "github"
      },
      "original": {
        "owner": "inet4",
        "repo": "copai",
        "type": "github"
      }
    },
    "darwin": {
      "inputs": {
        "nixpkgs": [
          "agenix",
          "nixpkgs"
        ]
      },
      "locked": {
        "lastModified": 1744478979,
        "narHash": "sha256-dyN+teG9G82G+m+PX/aSAagkC+vUv0SgUw3XkPhQodQ=",
        "owner": "lnl7",
        "repo": "nix-darwin",
        "rev": "43975d782b418ebf4969e9ccba82466728c2851b",
        "type": "github"
      },
      "original": {
        "owner": "lnl7",
        "ref": "master",
        "repo": "nix-darwin",
        "type": "github"
      }
    },
    "disko": {
      "inputs": {
        "nixpkgs": [
          "nixpkgs"
        ]
      },
      "locked": {
        "lastModified": 1768920986,
        "narHash": "sha256-CNzzBsRhq7gg4BMBuTDObiWDH/rFYHEuDRVOwCcwXw4=",
        "owner": "nix-community",
        "repo": "disko",
        "rev": "de5708739256238fb912c62f03988815db89ec9a",
        "type": "github"
      },
      "original": {
        "owner": "nix-community",
        "ref": "latest",
        "repo": "disko",
        "type": "github"
      }
    },
    "exchequer": {
      "locked": {
        "lastModified": 1759049171,
        "narHash": "sha256-t87ReQ48tlEpQIwVRQMjHIbXl1j3nj05vatZ3PgTdT4=",
        "ref": "main",
        "rev": "0007ec15739e9d46e70887890e757ad7ba0c6e6f",
        "revCount": 6,
        "type": "git",
        "url": "ssh://git@github.com/hannahfluch/exchequer"
      },
      "original": {
        "ref": "main",
        "type": "git",
        "url": "ssh://git@github.com/hannahfluch/exchequer"
      }
    },
    "fenix": {
      "inputs": {
        "nixpkgs": [
          "nixpkgs"
        ],
        "rust-analyzer-src": "rust-analyzer-src"
      },
      "locked": {
        "lastModified": 1780314950,
        "narHash": "sha256-1y6LHeumqA2lnUZap2yor+g4jMFtno5mx119LEv+dQQ=",
        "owner": "nix-community",
        "repo": "fenix",
        "rev": "8160d67d2693a1f7ea219db159ccdc29ae632918",
        "type": "github"
      },
      "original": {
        "owner": "nix-community",
        "ref": "monthly",
        "repo": "fenix",
        "type": "github"
      }
    },
    "firefox-extensions": {
      "inputs": {
        "nixpkgs": [
          "nixpkgs"
        ]
      },
      "locked": {
        "dir": "pkgs/firefox-addons",
        "lastModified": 1780459377,
        "narHash": "sha256-QLHOjcXDX3FnEwBIYLnWhVH/T2IjYwp6gHEi2BRxHFA=",
        "owner": "rycee",
        "repo": "nur-expressions",
        "rev": "f2185f1e3301eddb55572bdfbca7a51fb74479a1",
        "type": "gitlab"
      },
      "original": {
        "dir": "pkgs/firefox-addons",
        "owner": "rycee",
        "repo": "nur-expressions",
        "type": "gitlab"
      }
    },
    "firefox-gnome-theme": {
      "flake": false,
      "locked": {
        "lastModified": 1779670703,
        "narHash": "sha256-UdfMivNMwCCqQsYDg5pSz8X2IOaOrIZLIIy+Bg3CO2o=",
        "owner": "rafaelmardojai",
        "repo": "firefox-gnome-theme",
        "rev": "942159e73e40bf785816f7f1f5feed9ef3d7c8f9",
        "type": "github"
      },
      "original": {
        "owner": "rafaelmardojai",
        "repo": "firefox-gnome-theme",
        "type": "github"
      }
    },
    "flake-compat": {
      "locked": {
        "lastModified": 1767039857,
        "narHash": "sha256-vNpUSpF5Nuw8xvDLj2KCwwksIbjua2LZCqhV1LNRDns=",
        "owner": "edolstra",
        "repo": "flake-compat",
        "rev": "5edf11c44bc78a0d334f6334cdaf7d60d732daab",
        "type": "github"
      },
      "original": {
        "owner": "edolstra",
        "repo": "flake-compat",
        "type": "github"
      }
    },
    "flake-parts": {
      "inputs": {
        "nixpkgs-lib": [
          "stylix",
          "nixpkgs"
        ]
      },
      "locked": {
        "lastModified": 1778716662,
        "narHash": "sha256-m1Yf0wZ8j1OHjTc2UwHwyQRSnNeSgLJOd7q5Y45hzi4=",
        "owner": "hercules-ci",
        "repo": "flake-parts",
        "rev": "f7c1a2d347e4c52d5fb8d10cb4d94b5884e546fb",
        "type": "github"
      },
      "original": {
        "owner": "hercules-ci",
        "repo": "flake-parts",
        "type": "github"
      }
    },
    "flake-utils": {
      "inputs": {
        "systems": [
          "systems"
        ]
      },
      "locked": {
        "lastModified": 1731533236,
        "narHash": "sha256-l0KFg5HjrsfsO/JpG+r7fRrqm12kzFHyUHqHCVpMMbI=",
        "owner": "numtide",
        "repo": "flake-utils",
        "rev": "11707dc2f618dd54ca8739b309ec4fc024de578b",
        "type": "github"
      },
      "original": {
        "owner": "numtide",
        "repo": "flake-utils",
        "type": "github"
      }
    },
    "fromYaml": {
      "flake": false,
      "locked": {
        "lastModified": 1731966426,
        "narHash": "sha256-lq95WydhbUTWig/JpqiB7oViTcHFP8Lv41IGtayokA8=",
        "owner": "SenchoPens",
        "repo": "fromYaml",
        "rev": "106af9e2f715e2d828df706c386a685698f3223b",
        "type": "github"
      },
      "original": {
        "owner": "SenchoPens",
        "repo": "fromYaml",
        "type": "github"
      }
    },
    "gef": {
      "flake": false,
      "locked": {
        "lastModified": 1782999967,
        "narHash": "sha256-4DmY2Ngqj/OGSHljcn/5XkgzsLjiTHJ1Lmrh3vu0zio=",
        "owner": "bata24",
        "repo": "gef",
        "rev": "119a6eca85e38505acdc2976bc01560e73b5acb4",
        "type": "github"
      },
      "original": {
        "owner": "bata24",
        "repo": "gef",
        "type": "github"
      }
    },
    "gnome-shell": {
      "flake": false,
      "locked": {
        "lastModified": 1767737596,
        "narHash": "sha256-eFujfIUQDgWnSJBablOuG+32hCai192yRdrNHTv0a+s=",
        "owner": "GNOME",
        "repo": "gnome-shell",
        "rev": "ef02db02bf0ff342734d525b5767814770d85b49",
        "type": "github"
      },
      "original": {
        "owner": "GNOME",
        "repo": "gnome-shell",
        "rev": "ef02db02bf0ff342734d525b5767814770d85b49",
        "type": "github"
      }
    },
    "home-manager": {
      "inputs": {
        "nixpkgs": [
          "nixpkgs"
        ]
      },
      "locked": {
        "lastModified": 1780361225,
        "narHash": "sha256-wnV9ttf4fPWNonBIQmvlrSlNpQYgx5HgWWd007mwIFA=",
        "owner": "nix-community",
        "repo": "home-manager",
        "rev": "e28654b71096e08c019d4861ca26acb646f583d8",
        "type": "github"
      },
      "original": {
        "owner": "nix-community",
        "ref": "release-26.05",
        "repo": "home-manager",
        "type": "github"
      }
    },
    "honklet": {
      "inputs": {
        "nixpkgs": [
          "nixpkgs"
        ],
        "systems": [
          "systems"
        ]
      },
      "locked": {
        "lastModified": 1776774790,
        "narHash": "sha256-E5jjr5HpEw5/+OzQOhmrNBeC6bakSqxstII/IV22vcc=",
        "owner": "hannahfluch",
        "repo": "honklet",
        "rev": "510833009f8d610c41473f4ad976a643a386f5d5",
        "type": "github"
      },
      "original": {
        "owner": "hannahfluch",
        "repo": "honklet",
        "type": "github"
      }
    },
    "ida": {
      "inputs": {
        "nixpkgs": [
          "nixpkgs"
        ]
      },
      "locked": {
        "lastModified": 1786271598,
        "narHash": "sha256-EY9j4L9QrKxKC00Bd5sSaRz8splYnBvv6ep3zTuX2WY=",
        "ref": "main",
        "rev": "ddb052ae1e1636066a0e928a1bae6c367ea420fd",
        "revCount": 4,
        "type": "git",
        "url": "ssh://git@github.com/hannahfluch/ida"
      },
      "original": {
        "ref": "main",
        "type": "git",
        "url": "ssh://git@github.com/hannahfluch/ida"
      }
    },
    "impermanence": {
      "inputs": {
        "home-manager": [
          "atlas",
          "home-manager"
        ],
        "nixpkgs": [
          "atlas",
          "nixpkgs"
        ]
      },
      "locked": {
        "lastModified": 1769548169,
        "narHash": "sha256-03+JxvzmfwRu+5JafM0DLbxgHttOQZkUtDWBmeUkN8Y=",
        "owner": "nix-community",
        "repo": "impermanence",
        "rev": "7b1d382faf603b6d264f58627330f9faa5cba149",
        "type": "github"
      },
      "original": {
        "owner": "nix-community",
        "repo": "impermanence",
        "type": "github"
      }
    },
    "leaves": {
      "inputs": {
        "fenix": [
          "fenix"
        ],
        "flake-utils": [
          "flake-utils"
        ],
        "naersk": "naersk",
        "nixpkgs": [
          "nixpkgs"
        ]
      },
      "locked": {
        "lastModified": 1779125857,
        "narHash": "sha256-AH4+GuaYDDoGtDCyZBI0Iam46xw1F3aFIO3L0d1Z2GI=",
        "owner": "Luk-ESC",
        "repo": "leaves",
        "rev": "c548ec8dd602af17cc7ced9db0bfd80fa4e7397c",
        "type": "github"
      },
      "original": {
        "owner": "Luk-ESC",
        "repo": "leaves",
        "type": "github"
      }
    },
    "miri": {
      "inputs": {
        "fenix": [
          "fenix"
        ],
        "flake-utils": [
          "flake-utils"
        ],
        "naersk": "naersk_2",
        "nixpkgs": [
          "nixpkgs"
        ]
      },
      "locked": {
        "lastModified": 1781689347,
        "narHash": "sha256-muIDUl1Go914EaHjArFEkQcN/nly/Zf+NgtVt1FNZnc=",
        "path": "/home/hannah/dev/rust/miri/",
        "type": "path"
      },
      "original": {
        "path": "/home/hannah/dev/rust/miri/",
        "type": "path"
      }
    },
    "naersk": {
      "inputs": {
        "fenix": [
          "leaves",
          "fenix"
        ],
        "nixpkgs": [
          "leaves",
          "nixpkgs"
        ]
      },
      "locked": {
        "lastModified": 1763384566,
        "narHash": "sha256-r+wgI+WvNaSdxQmqaM58lVNvJYJ16zoq+tKN20cLst4=",
        "owner": "nix-community",
        "repo": "naersk",
        "rev": "d4155d6ebb70fbe2314959842f744aa7cabbbf6a",
        "type": "github"
      },
      "original": {
        "owner": "nix-community",
        "repo": "naersk",
        "type": "github"
      }
    },
    "naersk_2": {
      "inputs": {
        "fenix": [
          "miri",
          "fenix"
        ],
        "nixpkgs": [
          "miri",
          "nixpkgs"
        ]
      },
      "locked": {
        "lastModified": 1781258734,
        "narHash": "sha256-rfZT1gFztHDqA4gcFLO/Qv74bulhW/mXYqIHYTmc1lA=",
        "owner": "nix-community",
        "repo": "naersk",
        "rev": "3ddafa67a4c7d06483995c85c66a2d285b738833",
        "type": "github"
      },
      "original": {
        "owner": "nix-community",
        "repo": "naersk",
        "type": "github"
      }
    },
    "niri": {
      "inputs": {
        "niri-stable": [],
        "niri-unstable": [],
        "nixpkgs": [
          "nixpkgs"
        ],
        "nixpkgs-stable": [
          "nixpkgs"
        ],
        "xwayland-satellite-stable": [],
        "xwayland-satellite-unstable": []
      },
      "locked": {
        "lastModified": 1777182467,
        "narHash": "sha256-riAI7gTdNnLaUFuvFVc38gPoi+EXwGzNh6Z8RdlZFxg=",
        "owner": "myume",
        "repo": "niri-flake",
        "rev": "a2eb6a3475ecdb110d448537efb8b2ae43786bc6",
        "type": "github"
      },
      "original": {
        "owner": "myume",
        "ref": "blur",
        "repo": "niri-flake",
        "type": "github"
      }
    },
    "nix-alien": {
      "inputs": {
        "flake-compat": "flake-compat",
        "nix-index-database": "nix-index-database",
        "nixpkgs": [
          "nixpkgs"
        ]
      },
      "locked": {
        "lastModified": 1778849865,
        "narHash": "sha256-HiVhuhD7Fvfje3iw4slmtcCckz/LbjLITa4g/iTEbw0=",
        "owner": "thiagokokada",
        "repo": "nix-alien",
        "rev": "1bb49f5aea63e95a3cf9c4b91f9f1331fef7a52b",
        "type": "github"
      },
      "original": {
        "owner": "thiagokokada",
        "repo": "nix-alien",
        "type": "github"
      }
    },
    "nix-index-database": {
      "inputs": {
        "nixpkgs": [
          "nix-alien",
          "nixpkgs"
        ]
      },
      "locked": {
        "lastModified": 1778393439,
        "narHash": "sha256-mOtQxUjtKaPHLeoLOY/YEDctmud1X9KwJr4kE1MJ3Wc=",
        "owner": "nix-community",
        "repo": "nix-index-database",
        "rev": "01466c414c7357ae2ce32be4a272a7c69e94ab5f",
        "type": "github"
      },
      "original": {
        "owner": "nix-community",
        "repo": "nix-index-database",
        "type": "github"
      }
    },
    "nixpkgs": {
      "locked": {
        "lastModified": 1780203844,
        "narHash": "sha256-K5sT4jTpGs15ADhviMKNBH38REpPf5Q6mM1+N6cArVE=",
        "owner": "NixOS",
        "repo": "nixpkgs",
        "rev": "b51242d7d43689db2f3be91bd05d5b24fbb469c4",
        "type": "github"
      },
      "original": {
        "owner": "NixOS",
        "ref": "nixos-26.05",
        "repo": "nixpkgs",
        "type": "github"
      }
    },
    "noctalia": {
      "inputs": {
        "nixpkgs": [
          "nixpkgs"
        ],
        "noctalia-qs": "noctalia-qs"
      },
      "locked": {
        "lastModified": 1780371321,
        "narHash": "sha256-WCaU6npdMdjZSZHe3XATNDFijmzRnsV8V+iR80e5deg=",
        "owner": "noctalia-dev",
        "repo": "noctalia-shell",
        "rev": "3aab45a2f34fd47666b05892b95054952e788de1",
        "type": "github"
      },
      "original": {
        "owner": "noctalia-dev",
        "repo": "noctalia-shell",
        "type": "github"
      }
    },
    "noctalia-qs": {
      "inputs": {
        "nixpkgs": [
          "noctalia",
          "nixpkgs"
        ],
        "systems": [
          "systems"
        ],
        "treefmt-nix": "treefmt-nix"
      },
      "locked": {
        "lastModified": 1780194487,
        "narHash": "sha256-M+YtjKCTkHrkplNaKVyaxfa8hAWjRF6wFOUBAZvxQ4U=",
        "owner": "noctalia-dev",
        "repo": "noctalia-qs",
        "rev": "07398e12b54f194e3a2d47c87e3fd10b8eeaa27d",
        "type": "github"
      },
      "original": {
        "owner": "noctalia-dev",
        "repo": "noctalia-qs",
        "type": "github"
      }
    },
    "nur": {
      "inputs": {
        "flake-parts": [
          "stylix",
          "flake-parts"
        ],
        "nixpkgs": [
          "stylix",
          "nixpkgs"
        ]
      },
      "locked": {
        "lastModified": 1779766384,
        "narHash": "sha256-P7Ohnlq8b8b2fU+Sgkrej7LBTM60LBTkHleLuYzmLmU=",
        "owner": "nix-community",
        "repo": "NUR",
        "rev": "57800b7ab648725ccd33551d01484ee14952ad3f",
        "type": "github"
      },
      "original": {
        "owner": "nix-community",
        "repo": "NUR",
        "type": "github"
      }
    },
    "pwndbg": {
      "inputs": {
        "nixpkgs": [
          "nixpkgs"
        ],
        "pyproject-build-systems": "pyproject-build-systems",
        "pyproject-nix": "pyproject-nix",
        "uv2nix": "uv2nix"
      },
      "locked": {
        "lastModified": 1780490795,
        "narHash": "sha256-pGRZHjBZauTZxNIw+b/dZ6ta/ZBoKseo6e8gHkiLrfM=",
        "owner": "pwndbg",
        "repo": "pwndbg",
        "rev": "4a7a7d7ab29d70f6dd2aee7c053f00bc38217230",
        "type": "github"
      },
      "original": {
        "owner": "pwndbg",
        "repo": "pwndbg",
        "type": "github"
      }
    },
    "pyproject-build-systems": {
      "inputs": {
        "nixpkgs": [
          "pwndbg",
          "nixpkgs"
        ],
        "pyproject-nix": [
          "pwndbg",
          "pyproject-nix"
        ],
        "uv2nix": [
          "pwndbg",
          "uv2nix"
        ]
      },
      "locked": {
        "lastModified": 1763662255,
        "narHash": "sha256-4bocaOyLa3AfiS8KrWjZQYu+IAta05u3gYZzZ6zXbT0=",
        "owner": "pyproject-nix",
        "repo": "build-system-pkgs",
        "rev": "042904167604c681a090c07eb6967b4dd4dae88c",
        "type": "github"
      },
      "original": {
        "owner": "pyproject-nix",
        "repo": "build-system-pkgs",
        "type": "github"
      }
    },
    "pyproject-nix": {
      "inputs": {
        "nixpkgs": [
          "pwndbg",
          "nixpkgs"
        ]
      },
      "locked": {
        "lastModified": 1769936401,
        "narHash": "sha256-kwCOegKLZJM9v/e/7cqwg1p/YjjTAukKPqmxKnAZRgA=",
        "owner": "pyproject-nix",
        "repo": "pyproject.nix",
        "rev": "b0d513eeeebed6d45b4f2e874f9afba2021f7812",
        "type": "github"
      },
      "original": {
        "owner": "pyproject-nix",
        "repo": "pyproject.nix",
        "type": "github"
      }
    },
    "root": {
      "inputs": {
        "agenix": "agenix",
        "assets": "assets",
        "atlas": "atlas",
        "binary-ninja": "binary-ninja",
        "ccnace": "ccnace",
        "copai": "copai",
        "disko": "disko",
        "exchequer": "exchequer",
        "fenix": "fenix",
        "firefox-extensions": "firefox-extensions",
        "flake-utils": "flake-utils",
        "gef": "gef",
        "home-manager": "home-manager",
        "honklet": "honklet",
        "ida": "ida",
        "leaves": "leaves",
        "miri": "miri",
        "niri": "niri",
        "nix-alien": "nix-alien",
        "nixpkgs": "nixpkgs",
        "noctalia": "noctalia",
        "pwndbg": "pwndbg",
        "stylix": "stylix",
        "systems": "systems"
      }
    },
    "rust-analyzer-src": {
      "flake": false,
      "locked": {
        "lastModified": 1780260465,
        "narHash": "sha256-yJIyzYb6LhvbVMmj2EH62Mt0JHU3pQefr+oPEgaoaI8=",
        "owner": "rust-lang",
        "repo": "rust-analyzer",
        "rev": "c5d30e2331acb2cec913a086ab242591f4f367a5",
        "type": "github"
      },
      "original": {
        "owner": "rust-lang",
        "ref": "nightly",
        "repo": "rust-analyzer",
        "type": "github"
      }
    },
    "stylix": {
      "inputs": {
        "base16": "base16",
        "base16-fish": "base16-fish",
        "base16-helix": "base16-helix",
        "base16-vim": "base16-vim",
        "firefox-gnome-theme": "firefox-gnome-theme",
        "flake-parts": "flake-parts",
        "gnome-shell": "gnome-shell",
        "nixpkgs": [
          "nixpkgs"
        ],
        "nur": "nur",
        "systems": [
          "systems"
        ],
        "tinted-kitty": "tinted-kitty",
        "tinted-schemes": "tinted-schemes",
        "tinted-tmux": "tinted-tmux",
        "tinted-zed": "tinted-zed"
      },
      "locked": {
        "lastModified": 1780494751,
        "narHash": "sha256-aR5oirEal1m0EuBDvIitn/IprzKHjTUllpEHmCrjK9A=",
        "owner": "nix-community",
        "repo": "stylix",
        "rev": "e9a07f88c331d3c0a7e8ef3f996793cb19b49b30",
        "type": "github"
      },
      "original": {
        "owner": "nix-community",
        "ref": "release-26.05",
        "repo": "stylix",
        "type": "github"
      }
    },
    "systems": {
      "locked": {
        "lastModified": 1680978846,
        "narHash": "sha256-Gtqg8b/v49BFDpDetjclCYXm8mAnTrUzR0JnE2nv5aw=",
        "owner": "nix-systems",
        "repo": "x86_64-linux",
        "rev": "2ecfcac5e15790ba6ce360ceccddb15ad16d08a8",
        "type": "github"
      },
      "original": {
        "owner": "nix-systems",
        "repo": "x86_64-linux",
        "type": "github"
      }
    },
    "tinted-kitty": {
      "flake": false,
      "locked": {
        "lastModified": 1735730497,
        "narHash": "sha256-4KtB+FiUzIeK/4aHCKce3V9HwRvYaxX+F1edUrfgzb8=",
        "owner": "tinted-theming",
        "repo": "tinted-kitty",
        "rev": "de6f888497f2c6b2279361bfc790f164bfd0f3fa",
        "type": "github"
      },
      "original": {
        "owner": "tinted-theming",
        "repo": "tinted-kitty",
        "type": "github"
      }
    },
    "tinted-schemes": {
      "flake": false,
      "locked": {
        "lastModified": 1777806186,
        "narHash": "sha256-PDF0/wObw4nIsSBeXVYLsloXOiphXCgIdsrNcVXguKs=",
        "owner": "tinted-theming",
        "repo": "schemes",
        "rev": "0c94645546f4f3ddac77a1a5fce54eb95bf50795",
        "type": "github"
      },
      "original": {
        "owner": "tinted-theming",
        "repo": "schemes",
        "type": "github"
      }
    },
    "tinted-tmux": {
      "flake": false,
      "locked": {
        "lastModified": 1778379944,
        "narHash": "sha256-wPDFzMGSlARlw0Sfsn48Q2+jPSfk6N0Ng6BC/d+7Q24=",
        "owner": "tinted-theming",
        "repo": "tinted-tmux",
        "rev": "fe0203a198690e71a5ff11e08812a4673de3678d",
        "type": "github"
      },
      "original": {
        "owner": "tinted-theming",
        "repo": "tinted-tmux",
        "type": "github"
      }
    },
    "tinted-zed": {
      "flake": false,
      "locked": {
        "lastModified": 1778378178,
        "narHash": "sha256-OXPXRIQgGwV77HjYRryOHguh4ALX96jkg+tseLkGgHA=",
        "owner": "tinted-theming",
        "repo": "base16-zed",
        "rev": "9cd816033ff969415b190722cddf134e78a5665f",
        "type": "github"
      },
      "original": {
        "owner": "tinted-theming",
        "repo": "base16-zed",
        "type": "github"
      }
    },
    "treefmt-nix": {
      "inputs": {
        "nixpkgs": [
          "noctalia",
          "noctalia-qs",
          "nixpkgs"
        ]
      },
      "locked": {
        "lastModified": 1775636079,
        "narHash": "sha256-pc20NRoMdiar8oPQceQT47UUZMBTiMdUuWrYu2obUP0=",
        "owner": "numtide",
        "repo": "treefmt-nix",
        "rev": "790751ff7fd3801feeaf96d7dc416a8d581265ba",
        "type": "github"
      },
      "original": {
        "owner": "numtide",
        "repo": "treefmt-nix",
        "type": "github"
      }
    },
    "uv2nix": {
      "inputs": {
        "nixpkgs": [
          "pwndbg",
          "nixpkgs"
        ],
        "pyproject-nix": [
          "pwndbg",
          "pyproject-nix"
        ]
      },
      "locked": {
        "lastModified": 1769957392,
        "narHash": "sha256-6PkqwwYf5K2CHi2V+faI/9pqjfz/HxUkI/MVid6hlOY=",
        "owner": "pyproject-nix",
        "repo": "uv2nix",
        "rev": "d18bc50ae1c3d4be9c41c2d94ea765524400af75",
        "type": "github"
      },
      "original": {
        "owner": "pyproject-nix",
        "repo": "uv2nix",
        "type": "github"
      }
    }
  },
  "root": "root",
  "version": 7
}
